
Microsoft Visual Studio Solution File, Format Version 12.00
# Visual Studio Version 17
VisualStudioVersion = 17.2.32616.157
MinimumVisualStudioVersion = 10.0.40219.1
Project("{FAE04EC0-301F-11D3-BF4B-00C04F79EFBC}") = "MasterPolIlyasov", "MasterPolIlyasov\MasterPolIlyasov.csproj", "{48D00B10-F095-468D-984C-45F0A6CD8E98}"
EndProject
Global
	GlobalSection(SolutionConfigurationPlatforms) = preSolution
		Debug|Any CPU = Debug|Any CPU
		Release|Any CPU = Release|Any CPU
	EndGlobalSection
	GlobalSection(ProjectConfigurationPlatforms) = postSolution
		{48D00B10-F095-468D-984C-45F0A6CD8E98}.Debug|Any CPU.ActiveCfg = Debug|Any CPU
		{48D00B10-F095-468D-984C-45F0A6CD8E98}.Debug|Any CPU.Build.0 = Debug|Any CPU
		{48D00B10-F095-468D-984C-45F0A6CD8E98}.Release|Any CPU.ActiveCfg = Release|Any CPU
		{48D00B10-F095-468D-984C-45F0A6CD8E98}.Release|Any CPU.Build.0 = Release|Any CPU
	EndGlobalSection
	GlobalSection(SolutionProperties) = preSolution
		HideSolutionNode = FALSE
	EndGlobalSection
	GlobalSection(ExtensibilityGlobals) = postSolution
		SolutionGuid = {AC8EEE77-CDA2-4DAD-9147-D5B03B9201BD}
	EndGlobalSection
EndGlobal
